// !$*UTF8*$!
{
	archiveVersion = 1;
	classes = {
	};
	objectVersion = 50;
	objects = {

/* Begin PBXBuildFile section */
		556E0BEA247D3EDE00AFA937 /* AppDelegate.m in Sources */ = {isa = PBXBuildFile; fileRef = 556E0BE9247D3EDE00AFA937 /* AppDelegate.m */; };
		556E0BED247D3EDE00AFA937 /* SceneDelegate.m in Sources */ = {isa = PBXBuildFile; fileRef = 556E0BEC247D3EDE00AFA937 /* SceneDelegate.m */; };
		556E0BF0247D3EDE00AFA937 /* ViewController.m in Sources */ = {isa = PBXBuildFile; fileRef = 556E0BEF247D3EDE00AFA937 /* ViewController.m */; };
		556E0BF3247D3EDE00AFA937 /* Main.storyboard in Resources */ = {isa = PBXBuildFile; fileRef = 556E0BF1247D3EDE00AFA937 /* Main.storyboard */; };
		556E0BF5247D3EDF00AFA937 /* Assets.xcassets in Resources */ = {isa = PBXBuildFile; fileRef = 556E0BF4247D3EDF00AFA937 /* Assets.xcassets */; };
		556E0BF8247D3EDF00AFA937 /* LaunchScreen.storyboard in Resources */ = {isa = PBXBuildFile; fileRef = 556E0BF6247D3EDF00AFA937 /* LaunchScreen.storyboard */; };
		556E0BFB247D3EDF00AFA937 /* main.m in Sources */ = {isa = PBXBuildFile; fileRef = 556E0BFA247D3EDF00AFA937 /* main.m */; };
		557DB8D8248180E000B28702 /* StudentModel.m in Sources */ = {isa = PBXBuildFile; fileRef = 557DB8D7248180E000B28702 /* StudentModel.m */; };
		557DB8DB248180F300B28702 /* StudentModel+Name.m in Sources */ = {isa = PBXBuildFile; fileRef = 557DB8DA248180F300B28702 /* StudentModel+Name.m */; };
/* End PBXBuildFile section */

/* Begin PBXFileReference section */
		556E0BE5247D3EDE00AFA937 /* block复习.app */ = {isa = PBXFileReference; explicitFileType = wrapper.application; includeInIndex = 0; path = "block复习.app"; sourceTree = BUILT_PRODUCTS_DIR; };
		556E0BE8247D3EDE00AFA937 /* AppDelegate.h */ = {isa = PBXFileReference; lastKnownFileType = sourcecode.c.h; path = AppDelegate.h; sourceTree = "<group>"; };
		556E0BE9247D3EDE00AFA937 /* AppDelegate.m */ = {isa = PBXFileReference; lastKnownFileType = sourcecode.c.objc; path = AppDelegate.m; sourceTree = "<group>"; };
		556E0BEB247D3EDE00AFA937 /* SceneDelegate.h */ = {isa = PBXFileReference; lastKnownFileType = sourcecode.c.h; path = SceneDelegate.h; sourceTree = "<group>"; };
		556E0BEC247D3EDE00AFA937 /* SceneDelegate.m */ = {isa = PBXFileReference; lastKnownFileType = sourcecode.c.objc; path = SceneDelegate.m; sourceTree = "<group>"; };
		556E0BEE247D3EDE00AFA937 /* ViewController.h */ = {isa = PBXFileReference; lastKnownFileType = sourcecode.c.h; path = ViewController.h; sourceTree = "<group>"; };
		556E0BEF247D3EDE00AFA937 /* ViewController.m */ = {isa = PBXFileReference; lastKnownFileType = sourcecode.c.objc; path = ViewController.m; sourceTree = "<group>"; };
		556E0BF2247D3EDE00AFA937 /* Base */ = {isa = PBXFileReference; lastKnownFileType = file.storyboard; name = Base; path = Base.lproj/Main.storyboard; sourceTree = "<group>"; };
		556E0BF4247D3EDF00AFA937 /* Assets.xcassets */ = {isa = PBXFileReference; lastKnownFileType = folder.assetcatalog; path = Assets.xcassets; sourceTree = "<group>"; };
		556E0BF7247D3EDF00AFA937 /* Base */ = {isa = PBXFileReference; lastKnownFileType = file.storyboard; name = Base; path = Base.lproj/LaunchScreen.storyboard; sourceTree = "<group>"; };
		556E0BF9247D3EDF00AFA937 /* Info.plist */ = {isa = PBXFileReference; lastKnownFileType = text.plist.xml; path = Info.plist; sourceTree = "<group>"; };
		556E0BFA247D3EDF00AFA937 /* main.m */ = {isa = PBXFileReference; lastKnownFileType = sourcecode.c.objc; path = main.m; sourceTree = "<group>"; };
		557DB8D6248180E000B28702 /* StudentModel.h */ = {isa = PBXFileReference; lastKnownFileType = sourcecode.c.h; path = StudentModel.h; sourceTree = "<group>"; };
		557DB8D7248180E000B28702 /* StudentModel.m */ = {isa = PBXFileReference; lastKnownFileType = sourcecode.c.objc; path = StudentModel.m; sourceTree = "<group>"; };
		557DB8D9248180F300B28702 /* StudentModel+Name.h */ = {isa = PBXFileReference; lastKnownFileType = sourcecode.c.h; path = "StudentModel+Name.h"; sourceTree = "<group>"; };
		557DB8DA248180F300B28702 /* StudentModel+Name.m */ = {isa = PBXFileReference; lastKnownFileType = sourcecode.c.objc; path = "StudentModel+Name.m"; sourceTree = "<group>"; };
/* End PBXFileReference section */

/* Begin PBXFrameworksBuildPhase section */
		556E0BE2247D3EDE00AFA937 /* Frameworks */ = {
			isa = PBXFrameworksBuildPhase;
			buildActionMask = 2147483647;
			files = (
			);
			runOnlyForDeploymentPostprocessing = 0;
		};
/* End PBXFrameworksBuildPhase section */

/* Begin PBXGroup section */
		556E0BDC247D3EDE00AFA937 = {
			isa = PBXGroup;
			children = (
				556E0BE7247D3EDE00AFA937 /* block复习 */,
				556E0BE6247D3EDE00AFA937 /* Products */,
			);
			sourceTree = "<group>";
		};
		556E0BE6247D3EDE00AFA937 /* Products */ = {
			isa = PBXGroup;
			children = (
				556E0BE5247D3EDE00AFA937 /* block复习.app */,
			);
			name = Products;
			sourceTree = "<group>";
		};
		556E0BE7247D3EDE00AFA937 /* block复习 */ = {
			isa = PBXGroup;
			children = (
				556E0BE8247D3EDE00AFA937 /* AppDelegate.h */,
				556E0BE9247D3EDE00AFA937 /* AppDelegate.m */,
				556E0BEB247D3EDE00AFA937 /* SceneDelegate.h */,
				556E0BEC247D3EDE00AFA937 /* SceneDelegate.m */,
				556E0BEE247D3EDE00AFA937 /* ViewController.h */,
				556E0BEF247D3EDE00AFA937 /* ViewController.m */,
				557DB8D6248180E000B28702 /* StudentModel.h */,
				557DB8D7248180E000B28702 /* StudentModel.m */,
				557DB8D9248180F300B28702 /* StudentModel+Name.h */,
				557DB8DA248180F300B28702 /* StudentModel+Name.m */,
				556E0BF1247D3EDE00AFA937 /* Main.storyboard */,
				556E0BF4247D3EDF00AFA937 /* Assets.xcassets */,
				556E0BF6247D3EDF00AFA937 /* LaunchScreen.storyboard */,
				556E0BF9247D3EDF00AFA937 /* Info.plist */,
				556E0BFA247D3EDF00AFA937 /* main.m */,
			);
			path = "block复习";
			sourceTree = "<group>";
		};
/* End PBXGroup section */

/* Begin PBXNativeTarget section */
		556E0BE4247D3EDE00AFA937 /* block复习 */ = {
			isa = PBXNativeTarget;
			buildConfigurationList = 556E0BFE247D3EDF00AFA937 /* Build configuration list for PBXNativeTarget "block复习" */;
			buildPhases = (
				556E0BE1247D3EDE00AFA937 /* Sources */,
				556E0BE2247D3EDE00AFA937 /* Frameworks */,
				556E0BE3247D3EDE00AFA937 /* Resources */,
			);
			buildRules = (
			);
			dependencies = (
			);
			name = "block复习";
			productName = "block复习";
			productReference = 556E0BE5247D3EDE00AFA937 /* block复习.app */;
			productType = "com.apple.product-type.application";
		};
/* End PBXNativeTarget section */

/* Begin PBXProject section */
		556E0BDD247D3EDE00AFA937 /* Project object */ = {
			isa = PBXProject;
			attributes = {
				LastUpgradeCheck = 1150;
				ORGANIZATIONNAME = LSZ;
				TargetAttributes = {
					556E0BE4247D3EDE00AFA937 = {
						CreatedOnToolsVersion = 11.5;
					};
				};
			};
			buildConfigurationList = 556E0BE0247D3EDE00AFA937 /* Build configuration list for PBXProject "block复习" */;
			compatibilityVersion = "Xcode 9.3";
			developmentRegion = en;
			hasScannedForEncodings = 0;
			knownRegions = (
				en,
				Base,
			);
			mainGroup = 556E0BDC247D3EDE00AFA937;
			productRefGroup = 556E0BE6247D3EDE00AFA937 /* Products */;
			projectDirPath = "";
			projectRoot = "";
			targets = (
				556E0BE4247D3EDE00AFA937 /* block复习 */,
			);
		};
/* End PBXProject section */

/* Begin PBXResourcesBuildPhase section */
		556E0BE3247D3EDE00AFA937 /* Resources */ = {
			isa = PBXResourcesBuildPhase;
			buildActionMask = 2147483647;
			files = (
				556E0BF8247D3EDF00AFA937 /* LaunchScreen.storyboard in Resources */,
				556E0BF5247D3EDF00AFA937 /* Assets.xcassets in Resources */,
				556E0BF3247D3EDE00AFA937 /* Main.storyboard in Resources */,
			);
			runOnlyForDeploymentPostprocessing = 0;
		};
/* End PBXResourcesBuildPhase section */

/* Begin PBXSourcesBuildPhase section */
		556E0BE1247D3EDE00AFA937 /* Sources */ = {
			isa = PBXSourcesBuildPhase;
			buildActionMask = 2147483647;
			files = (
				556E0BF0247D3EDE00AFA937 /* ViewController.m in Sources */,
				556E0BEA247D3EDE00AFA937 /* AppDelegate.m in Sources */,
				557DB8D8248180E000B28702 /* StudentModel.m in Sources */,
				556E0BFB247D3EDF00AFA937 /* main.m in Sources */,
				557DB8DB248180F300B28702 /* StudentModel+Name.m in Sources */,
				556E0BED247D3EDE00AFA937 /* SceneDelegate.m in Sources */,
			);
			runOnlyForDeploymentPostprocessing = 0;
		};
/* End PBXSourcesBuildPhase section */

/* Begin PBXVariantGroup section */
		556E0BF1247D3EDE00AFA937 /* Main.storyboard */ = {
			isa = PBXVariantGroup;
			children = (
				556E0BF2247D3EDE00AFA937 /* Base */,
			);
			name = Main.storyboard;
			sourceTree = "<group>";
		};
		556E0BF6247D3EDF00AFA937 /* LaunchScreen.storyboard */ = {
			isa = PBXVariantGroup;
			children = (
				556E0BF7247D3EDF00AFA937 /* Base */,
			);
			name = LaunchScreen.storyboard;
			sourceTree = "<group>";
		};
/* End PBXVariantGroup section */

/* Begin XCBuildConfiguration section */
		556E0BFC247D3EDF00AFA937 /* Debug */ = {
			isa = XCBuildConfiguration;
			buildSettings = {
				ALWAYS_SEARCH_USER_PATHS = NO;
				CLANG_ANALYZER_NONNULL = YES;
				CLANG_ANALYZER_NUMBER_OBJECT_CONVERSION = YES_AGGRESSIVE;
				CLANG_CXX_LANGUAGE_STANDARD = "gnu++14";
				CLANG_CXX_LIBRARY = "libc++";
				CLANG_ENABLE_MODULES = YES;
				CLANG_ENABLE_OBJC_ARC = YES;
				CLANG_ENABLE_OBJC_WEAK = YES;
				CLANG_WARN_BLOCK_CAPTURE_AUTORELEASING = YES;
				CLANG_WARN_BOOL_CONVERSION = YES;
				CLANG_WARN_COMMA = YES;
				CLANG_WARN_CONSTANT_CONVERSION = YES;
				CLANG_WARN_DEPRECATED_OBJC_IMPLEMENTATIONS = YES;
				CLANG_WARN_DIRECT_OBJC_ISA_USAGE = YES_ERROR;
				CLANG_WARN_DOCUMENTATION_COMMENTS = YES;
				CLANG_WARN_EMPTY_BODY = YES;
				CLANG_WARN_ENUM_CONVERSION = YES;
				CLANG_WARN_INFINITE_RECURSION = YES;
				CLANG_WARN_INT_CONVERSION = YES;
				CLANG_WARN_NON_LITERAL_NULL_CONVERSION = YES;
				CLANG_WARN_OBJC_IMPLICIT_RETAIN_SELF = YES;
				CLANG_WARN_OBJC_LITERAL_CONVERSION = YES;
				CLANG_WARN_OBJC_ROOT_CLASS = YES_ERROR;
				CLANG_WARN_RANGE_LOOP_ANALYSIS = YES;
				CLANG_WARN_STRICT_PROTOTYPES = YES;
				CLANG_WARN_SUSPICIOUS_MOVE = YES;
				CLANG_WARN_UNGUARDED_AVAILABILITY = YES_AGGRESSIVE;
				CLANG_WARN_UNREACHABLE_CODE = YES;
				CLANG_WARN__DUPLICATE_METHOD_MATCH = YES;
				COPY_PHASE_STRIP = NO;
				DEBUG_INFORMATION_FORMAT = dwarf;
				ENABLE_STRICT_OBJC_MSGSEND = YES;
				ENABLE_TESTABILITY = YES;
				GCC_C_LANGUAGE_STANDARD = gnu11;
				GCC_DYNAMIC_NO_PIC = NO;
				GCC_NO_COMMON_BLOCKS = YES;
				GCC_OPTIMIZATION_LEVEL = 0;
				GCC_PREPROCESSOR_DEFINITIONS = (
					"DEBUG=1",
					"$(inherited)",
				);
				GCC_WARN_64_TO_32_BIT_CONVERSION = YES;
				GCC_WARN_ABOUT_RETURN_TYPE = YES_ERROR;
				GCC_WARN_UNDECLARED_SELECTOR = YES;
				GCC_WARN_UNINITIALIZED_AUTOS = YES_AGGRESSIVE;
				GCC_WARN_UNUSED_FUNCTION = YES;
				GCC_WARN_UNUSED_VARIABLE = YES;
				IPHONEOS_DEPLOYMENT_TARGET = 13.5;
				MTL_ENABLE_DEBUG_INFO = INCLUDE_SOURCE;
				MTL_FAST_MATH = YES;
				ONLY_ACTIVE_ARCH = YES;
				SDKROOT = iphoneos;
			};
			name = Debug;
		};
		556E0BFD247D3EDF00AFA937 /* Release */ = {
			isa = XCBuildConfiguration;
			buildSettings = {
				ALWAYS_SEARCH_USER_PATHS = NO;
				CLANG_ANALYZER_NONNULL = YES;
				CLANG_ANALYZER_NUMBER_OBJECT_CONVERSION = YES_AGGRESSIVE;
				CLANG_CXX_LANGUAGE_STANDARD = "gnu++14";
				CLANG_CXX_LIBRARY = "libc++";
				CLANG_ENABLE_MODULES = YES;
				CLANG_ENABLE_OBJC_ARC = YES;
				CLANG_ENABLE_OBJC_WEAK = YES;
				CLANG_WARN_BLOCK_CAPTURE_AUTORELEASING = YES;
				CLANG_WARN_BOOL_CONVERSION = YES;
				CLANG_WARN_COMMA = YES;
				CLANG_WARN_CONSTANT_CONVERSION = YES;
				CLANG_WARN_DEPRECATED_OBJC_IMPLEMENTATIONS = YES;
				CLANG_WARN_DIRECT_OBJC_ISA_USAGE = YES_ERROR;
				CLANG_WARN_DOCUMENTATION_COMMENTS = YES;
				CLANG_WARN_EMPTY_BODY = YES;
				CLANG_WARN_ENUM_CONVERSION = YES;
				CLANG_WARN_INFINITE_RECURSION = YES;
				CLANG_WARN_INT_CONVERSION = YES;
				CLANG_WARN_NON_LITERAL_NULL_CONVERSION = YES;
				CLANG_WARN_OBJC_IMPLICIT_RETAIN_SELF = YES;
				CLANG_WARN_OBJC_LITERAL_CONVERSION = YES;
				CLANG_WARN_OBJC_ROOT_CLASS = YES_ERROR;
				CLANG_WARN_RANGE_LOOP_ANALYSIS = YES;
				CLANG_WARN_STRICT_PROTOTYPES = YES;
				CLANG_WARN_SUSPICIOUS_MOVE = YES;
				CLANG_WARN_UNGUARDED_AVAILABILITY = YES_AGGRESSIVE;
				CLANG_WARN_UNREACHABLE_CODE = YES;
				CLANG_WARN__DUPLICATE_METHOD_MATCH = YES;
				COPY_PHASE_STRIP = NO;
				DEBUG_INFORMATION_FORMAT = "dwarf-with-dsym";
				ENABLE_NS_ASSERTIONS = NO;
				ENABLE_STRICT_OBJC_MSGSEND = YES;
				GCC_C_LANGUAGE_STANDARD = gnu11;
				GCC_NO_COMMON_BLOCKS = YES;
				GCC_WARN_64_TO_32_BIT_CONVERSION = YES;
				GCC_WARN_ABOUT_RETURN_TYPE = YES_ERROR;
				GCC_WARN_UNDECLARED_SELECTOR = YES;
				GCC_WARN_UNINITIALIZED_AUTOS = YES_AGGRESSIVE;
				GCC_WARN_UNUSED_FUNCTION = YES;
				GCC_WARN_UNUSED_VARIABLE = YES;
				IPHONEOS_DEPLOYMENT_TARGET = 13.5;
				MTL_ENABLE_DEBUG_INFO = NO;
				MTL_FAST_MATH = YES;
				SDKROOT = iphoneos;
				VALIDATE_PRODUCT = YES;
			};
			name = Release;
		};
		556E0BFF247D3EDF00AFA937 /* Debug */ = {
			isa = XCBuildConfiguration;
			buildSettings = {
				ASSETCATALOG_COMPILER_APPICON_NAME = AppIcon;
				CODE_SIGN_STYLE = Automatic;
				INFOPLIST_FILE = "block复习/Info.plist";
				LD_RUNPATH_SEARCH_PATHS = (
					"$(inherited)",
					"@executable_path/Frameworks",
				);
				PRODUCT_BUNDLE_IDENTIFIER = "com.lsz.zhimakaimen.UTMArchieve123.block--";
				PRODUCT_NAME = "$(TARGET_NAME)";
				TARGETED_DEVICE_FAMILY = "1,2";
			};
			name = Debug;
		};
		556E0C00247D3EDF00AFA937 /* Release */ = {
			isa = XCBuildConfiguration;
			buildSettings = {
				ASSETCATALOG_COMPILER_APPICON_NAME = AppIcon;
				CODE_SIGN_STYLE = Automatic;
				INFOPLIST_FILE = "block复习/Info.plist";
				LD_RUNPATH_SEARCH_PATHS = (
					"$(inherited)",
					"@executable_path/Frameworks",
				);
				PRODUCT_BUNDLE_IDENTIFIER = "com.lsz.zhimakaimen.UTMArchieve123.block--";
				PRODUCT_NAME = "$(TARGET_NAME)";
				TARGETED_DEVICE_FAMILY = "1,2";
			};
			name = Release;
		};
/* End XCBuildConfiguration section */

/* Begin XCConfigurationList section */
		556E0BE0247D3EDE00AFA937 /* Build configuration list for PBXProject "block复习" */ = {
			isa = XCConfigurationList;
			buildConfigurations = (
				556E0BFC247D3EDF00AFA937 /* Debug */,
				556E0BFD247D3EDF00AFA937 /* Release */,
			);
			defaultConfigurationIsVisible = 0;
			defaultConfigurationName = Release;
		};
		556E0BFE247D3EDF00AFA937 /* Build configuration list for PBXNativeTarget "block复习" */ = {
			isa = XCConfigurationList;
			buildConfigurations = (
				556E0BFF247D3EDF00AFA937 /* Debug */,
				556E0C00247D3EDF00AFA937 /* Release */,
			);
			defaultConfigurationIsVisible = 0;
			defaultConfigurationName = Release;
		};
/* End XCConfigurationList section */
	};
	rootObject = 556E0BDD247D3EDE00AFA937 /* Project object */;
}
